// !$*UTF8*$!
{
	archiveVersion = 1;
	classes = {
	};
	objectVersion = 46;
	objects = {

/* Begin PBXBuildFile section */
		C6085A631ABBD9AD00C5F571 /* main.m in Sources */ = {isa = PBXBuildFile; fileRef = C6085A621ABBD9AD00C5F571 /* main.m */; };
		C6085A661ABBD9AD00C5F571 /* AppDelegate.m in Sources */ = {isa = PBXBuildFile; fileRef = C6085A651ABBD9AD00C5F571 /* AppDelegate.m */; };
		C6085A6C1ABBD9AD00C5F571 /* Main.storyboard in Resources */ = {isa = PBXBuildFile; fileRef = C6085A6A1ABBD9AD00C5F571 /* Main.storyboard */; };
		C6085A6E1ABBD9AD00C5F571 /* Images.xcassets in Resources */ = {isa = PBXBuildFile; fileRef = C6085A6D1ABBD9AD00C5F571 /* Images.xcassets */; };
		C6085A711ABBD9AD00C5F571 /* LaunchScreen.xib in Resources */ = {isa = PBXBuildFile; fileRef = C6085A6F1ABBD9AD00C5F571 /* LaunchScreen.xib */; };
		C6085A7D1ABBD9AD00C5F571 /* UncaughtExceptionHandlerTests.m in Sources */ = {isa = PBXBuildFile; fileRef = C6085A7C1ABBD9AD00C5F571 /* UncaughtExceptionHandlerTests.m */; };
		C6085A871ABBDA1300C5F571 /* README.md in Sources */ = {isa = PBXBuildFile; fileRef = C6085A861ABBDA1300C5F571 /* README.md */; };
		C6085A8A1ABBDA5200C5F571 /* UncaughtExceptionHandler.m in Sources */ = {isa = PBXBuildFile; fileRef = C6085A891ABBDA5200C5F571 /* UncaughtExceptionHandler.m */; };
		C6085A8D1ABBDC7200C5F571 /* TableViewController.m in Sources */ = {isa = PBXBuildFile; fileRef = C6085A8C1ABBDC7200C5F571 /* TableViewController.m */; };
		C6085A8F1ABBDEE600C5F571 /* UncaughtExceptionHandler.podspec in Resources */ = {isa = PBXBuildFile; fileRef = C6085A8E1ABBDEE600C5F571 /* UncaughtExceptionHandler.podspec */; };
/* End PBXBuildFile section */

/* Begin PBXContainerItemProxy section */
		C6085A771ABBD9AD00C5F571 /* PBXContainerItemProxy */ = {
			isa = PBXContainerItemProxy;
			containerPortal = C6085A551ABBD9AD00C5F571 /* Project object */;
			proxyType = 1;
			remoteGlobalIDString = C6085A5C1ABBD9AD00C5F571;
			remoteInfo = UncaughtExceptionHandler;
		};
/* End PBXContainerItemProxy section */

/* Begin PBXFileReference section */
		C6085A5D1ABBD9AD00C5F571 /* UncaughtExceptionHandler.app */ = {isa = PBXFileReference; explicitFileType = wrapper.application; includeInIndex = 0; path = UncaughtExceptionHandler.app; sourceTree = BUILT_PRODUCTS_DIR; };
		C6085A611ABBD9AD00C5F571 /* Info.plist */ = {isa = PBXFileReference; lastKnownFileType = text.plist.xml; path = Info.plist; sourceTree = "<group>"; };
		C6085A621ABBD9AD00C5F571 /* main.m */ = {isa = PBXFileReference; lastKnownFileType = sourcecode.c.objc; path = main.m; sourceTree = "<group>"; };
		C6085A641ABBD9AD00C5F571 /* AppDelegate.h */ = {isa = PBXFileReference; lastKnownFileType = sourcecode.c.h; path = AppDelegate.h; sourceTree = "<group>"; };
		C6085A651ABBD9AD00C5F571 /* AppDelegate.m */ = {isa = PBXFileReference; lastKnownFileType = sourcecode.c.objc; path = AppDelegate.m; sourceTree = "<group>"; };
		C6085A6B1ABBD9AD00C5F571 /* Base */ = {isa = PBXFileReference; lastKnownFileType = file.storyboard; name = Base; path = Base.lproj/Main.storyboard; sourceTree = "<group>"; };
		C6085A6D1ABBD9AD00C5F571 /* Images.xcassets */ = {isa = PBXFileReference; lastKnownFileType = folder.assetcatalog; path = Images.xcassets; sourceTree = "<group>"; };
		C6085A701ABBD9AD00C5F571 /* Base */ = {isa = PBXFileReference; lastKnownFileType = file.xib; name = Base; path = Base.lproj/LaunchScreen.xib; sourceTree = "<group>"; };
		C6085A761ABBD9AD00C5F571 /* UncaughtExceptionHandlerTests.xctest */ = {isa = PBXFileReference; explicitFileType = wrapper.cfbundle; includeInIndex = 0; path = UncaughtExceptionHandlerTests.xctest; sourceTree = BUILT_PRODUCTS_DIR; };
		C6085A7B1ABBD9AD00C5F571 /* Info.plist */ = {isa = PBXFileReference; lastKnownFileType = text.plist.xml; path = Info.plist; sourceTree = "<group>"; };
		C6085A7C1ABBD9AD00C5F571 /* UncaughtExceptionHandlerTests.m */ = {isa = PBXFileReference; lastKnownFileType = sourcecode.c.objc; path = UncaughtExceptionHandlerTests.m; sourceTree = "<group>"; };
		C6085A861ABBDA1300C5F571 /* README.md */ = {isa = PBXFileReference; fileEncoding = 4; lastKnownFileType = net.daringfireball.markdown; path = README.md; sourceTree = "<group>"; };
		C6085A881ABBDA5200C5F571 /* UncaughtExceptionHandler.h */ = {isa = PBXFileReference; fileEncoding = 4; lastKnownFileType = sourcecode.c.h; path = UncaughtExceptionHandler.h; sourceTree = "<group>"; };
		C6085A891ABBDA5200C5F571 /* UncaughtExceptionHandler.m */ = {isa = PBXFileReference; fileEncoding = 4; lastKnownFileType = sourcecode.c.objc; path = UncaughtExceptionHandler.m; sourceTree = "<group>"; };
		C6085A8B1ABBDC7200C5F571 /* TableViewController.h */ = {isa = PBXFileReference; fileEncoding = 4; lastKnownFileType = sourcecode.c.h; path = TableViewController.h; sourceTree = "<group>"; };
		C6085A8C1ABBDC7200C5F571 /* TableViewController.m */ = {isa = PBXFileReference; fileEncoding = 4; lastKnownFileType = sourcecode.c.objc; path = TableViewController.m; sourceTree = "<group>"; };
		C6085A8E1ABBDEE600C5F571 /* UncaughtExceptionHandler.podspec */ = {isa = PBXFileReference; fileEncoding = 4; lastKnownFileType = text; path = UncaughtExceptionHandler.podspec; sourceTree = "<group>"; };
/* End PBXFileReference section */

/* Begin PBXFrameworksBuildPhase section */
		C6085A5A1ABBD9AD00C5F571 /* Frameworks */ = {
			isa = PBXFrameworksBuildPhase;
			buildActionMask = 2147483647;
			files = (
			);
			runOnlyForDeploymentPostprocessing = 0;
		};
		C6085A731ABBD9AD00C5F571 /* Frameworks */ = {
			isa = PBXFrameworksBuildPhase;
			buildActionMask = 2147483647;
			files = (
			);
			runOnlyForDeploymentPostprocessing = 0;
		};
/* End PBXFrameworksBuildPhase section */

/* Begin PBXGroup section */
		C6085A541ABBD9AD00C5F571 = {
			isa = PBXGroup;
			children = (
				C6085A8E1ABBDEE600C5F571 /* UncaughtExceptionHandler.podspec */,
				C6085A861ABBDA1300C5F571 /* README.md */,
				C6085A5F1ABBD9AD00C5F571 /* UncaughtExceptionHandler */,
				C6085A791ABBD9AD00C5F571 /* UncaughtExceptionHandlerTests */,
				C6085A5E1ABBD9AD00C5F571 /* Products */,
			);
			sourceTree = "<group>";
		};
		C6085A5E1ABBD9AD00C5F571 /* Products */ = {
			isa = PBXGroup;
			children = (
				C6085A5D1ABBD9AD00C5F571 /* UncaughtExceptionHandler.app */,
				C6085A761ABBD9AD00C5F571 /* UncaughtExceptionHandlerTests.xctest */,
			);
			name = Products;
			sourceTree = "<group>";
		};
		C6085A5F1ABBD9AD00C5F571 /* UncaughtExceptionHandler */ = {
			isa = PBXGroup;
			children = (
				C6085A881ABBDA5200C5F571 /* UncaughtExceptionHandler.h */,
				C6085A891ABBDA5200C5F571 /* UncaughtExceptionHandler.m */,
				C6085A641ABBD9AD00C5F571 /* AppDelegate.h */,
				C6085A651ABBD9AD00C5F571 /* AppDelegate.m */,
				C6085A8B1ABBDC7200C5F571 /* TableViewController.h */,
				C6085A8C1ABBDC7200C5F571 /* TableViewController.m */,
				C6085A6A1ABBD9AD00C5F571 /* Main.storyboard */,
				C6085A6D1ABBD9AD00C5F571 /* Images.xcassets */,
				C6085A6F1ABBD9AD00C5F571 /* LaunchScreen.xib */,
				C6085A601ABBD9AD00C5F571 /* Supporting Files */,
			);
			path = UncaughtExceptionHandler;
			sourceTree = "<group>";
		};
		C6085A601ABBD9AD00C5F571 /* Supporting Files */ = {
			isa = PBXGroup;
			children = (
				C6085A611ABBD9AD00C5F571 /* Info.plist */,
				C6085A621ABBD9AD00C5F571 /* main.m */,
			);
			name = "Supporting Files";
			sourceTree = "<group>";
		};
		C6085A791ABBD9AD00C5F571 /* UncaughtExceptionHandlerTests */ = {
			isa = PBXGroup;
			children = (
				C6085A7C1ABBD9AD00C5F571 /* UncaughtExceptionHandlerTests.m */,
				C6085A7A1ABBD9AD00C5F571 /* Supporting Files */,
			);
			path = UncaughtExceptionHandlerTests;
			sourceTree = "<group>";
		};
		C6085A7A1ABBD9AD00C5F571 /* Supporting Files */ = {
			isa = PBXGroup;
			children = (
				C6085A7B1ABBD9AD00C5F571 /* Info.plist */,
			);
			name = "Supporting Files";
			sourceTree = "<group>";
		};
/* End PBXGroup section */

/* Begin PBXNativeTarget section */
		C6085A5C1ABBD9AD00C5F571 /* UncaughtExceptionHandler */ = {
			isa = PBXNativeTarget;
			buildConfigurationList = C6085A801ABBD9AD00C5F571 /* Build configuration list for PBXNativeTarget "UncaughtExceptionHandler" */;
			buildPhases = (
				C6085A591ABBD9AD00C5F571 /* Sources */,
				C6085A5A1ABBD9AD00C5F571 /* Frameworks */,
				C6085A5B1ABBD9AD00C5F571 /* Resources */,
			);
			buildRules = (
			);
			dependencies = (
			);
			name = UncaughtExceptionHandler;
			productName = UncaughtExceptionHandler;
			productReference = C6085A5D1ABBD9AD00C5F571 /* UncaughtExceptionHandler.app */;
			productType = "com.apple.product-type.application";
		};
		C6085A751ABBD9AD00C5F571 /* UncaughtExceptionHandlerTests */ = {
			isa = PBXNativeTarget;
			buildConfigurationList = C6085A831ABBD9AD00C5F571 /* Build configuration list for PBXNativeTarget "UncaughtExceptionHandlerTests" */;
			buildPhases = (
				C6085A721ABBD9AD00C5F571 /* Sources */,
				C6085A731ABBD9AD00C5F571 /* Frameworks */,
				C6085A741ABBD9AD00C5F571 /* Resources */,
			);
			buildRules = (
			);
			dependencies = (
				C6085A781ABBD9AD00C5F571 /* PBXTargetDependency */,
			);
			name = UncaughtExceptionHandlerTests;
			productName = UncaughtExceptionHandlerTests;
			productReference = C6085A761ABBD9AD00C5F571 /* UncaughtExceptionHandlerTests.xctest */;
			productType = "com.apple.product-type.bundle.unit-test";
		};
/* End PBXNativeTarget section */

/* Begin PBXProject section */
		C6085A551ABBD9AD00C5F571 /* Project object */ = {
			isa = PBXProject;
			attributes = {
				LastUpgradeCheck = 0620;
				ORGANIZATIONNAME = "Cocoa with Love";
				TargetAttributes = {
					C6085A5C1ABBD9AD00C5F571 = {
						CreatedOnToolsVersion = 6.2;
					};
					C6085A751ABBD9AD00C5F571 = {
						CreatedOnToolsVersion = 6.2;
						TestTargetID = C6085A5C1ABBD9AD00C5F571;
					};
				};
			};
			buildConfigurationList = C6085A581ABBD9AD00C5F571 /* Build configuration list for PBXProject "UncaughtExceptionHandler" */;
			compatibilityVersion = "Xcode 3.2";
			developmentRegion = English;
			hasScannedForEncodings = 0;
			knownRegions = (
				en,
				Base,
			);
			mainGroup = C6085A541ABBD9AD00C5F571;
			productRefGroup = C6085A5E1ABBD9AD00C5F571 /* Products */;
			projectDirPath = "";
			projectRoot = "";
			targets = (
				C6085A5C1ABBD9AD00C5F571 /* UncaughtExceptionHandler */,
				C6085A751ABBD9AD00C5F571 /* UncaughtExceptionHandlerTests */,
			);
		};
/* End PBXProject section */

/* Begin PBXResourcesBuildPhase section */
		C6085A5B1ABBD9AD00C5F571 /* Resources */ = {
			isa = PBXResourcesBuildPhase;
			buildActionMask = 2147483647;
			files = (
				C6085A6C1ABBD9AD00C5F571 /* Main.storyboard in Resources */,
				C6085A711ABBD9AD00C5F571 /* LaunchScreen.xib in Resources */,
				C6085A8F1ABBDEE600C5F571 /* UncaughtExceptionHandler.podspec in Resources */,
				C6085A6E1ABBD9AD00C5F571 /* Images.xcassets in Resources */,
			);
			runOnlyForDeploymentPostprocessing = 0;
		};
		C6085A741ABBD9AD00C5F571 /* Resources */ = {
			isa = PBXResourcesBuildPhase;
			buildActionMask = 2147483647;
			files = (
			);
			runOnlyForDeploymentPostprocessing = 0;
		};
/* End PBXResourcesBuildPhase section */

/* Begin PBXSourcesBuildPhase section */
		C6085A591ABBD9AD00C5F571 /* Sources */ = {
			isa = PBXSourcesBuildPhase;
			buildActionMask = 2147483647;
			files = (
				C6085A8A1ABBDA5200C5F571 /* UncaughtExceptionHandler.m in Sources */,
				C6085A661ABBD9AD00C5F571 /* AppDelegate.m in Sources */,
				C6085A871ABBDA1300C5F571 /* README.md in Sources */,
				C6085A8D1ABBDC7200C5F571 /* TableViewController.m in Sources */,
				C6085A631ABBD9AD00C5F571 /* main.m in Sources */,
			);
			runOnlyForDeploymentPostprocessing = 0;
		};
		C6085A721ABBD9AD00C5F571 /* Sources */ = {
			isa = PBXSourcesBuildPhase;
			buildActionMask = 2147483647;
			files = (
				C6085A7D1ABBD9AD00C5F571 /* UncaughtExceptionHandlerTests.m in Sources */,
			);
			runOnlyForDeploymentPostprocessing = 0;
		};
/* End PBXSourcesBuildPhase section */

/* Begin PBXTargetDependency section */
		C6085A781ABBD9AD00C5F571 /* PBXTargetDependency */ = {
			isa = PBXTargetDependency;
			target = C6085A5C1ABBD9AD00C5F571 /* UncaughtExceptionHandler */;
			targetProxy = C6085A771ABBD9AD00C5F571 /* PBXContainerItemProxy */;
		};
/* End PBXTargetDependency section */

/* Begin PBXVariantGroup section */
		C6085A6A1ABBD9AD00C5F571 /* Main.storyboard */ = {
			isa = PBXVariantGroup;
			children = (
				C6085A6B1ABBD9AD00C5F571 /* Base */,
			);
			name = Main.storyboard;
			sourceTree = "<group>";
		};
		C6085A6F1ABBD9AD00C5F571 /* LaunchScreen.xib */ = {
			isa = PBXVariantGroup;
			children = (
				C6085A701ABBD9AD00C5F571 /* Base */,
			);
			name = LaunchScreen.xib;
			sourceTree = "<group>";
		};
/* End PBXVariantGroup section */

/* Begin XCBuildConfiguration section */
		C6085A7E1ABBD9AD00C5F571 /* Debug */ = {
			isa = XCBuildConfiguration;
			buildSettings = {
				ALWAYS_SEARCH_USER_PATHS = NO;
				CLANG_CXX_LANGUAGE_STANDARD = "gnu++0x";
				CLANG_CXX_LIBRARY = "libc++";
				CLANG_ENABLE_MODULES = YES;
				CLANG_ENABLE_OBJC_ARC = YES;
				CLANG_WARN_BOOL_CONVERSION = YES;
				CLANG_WARN_CONSTANT_CONVERSION = YES;
				CLANG_WARN_DIRECT_OBJC_ISA_USAGE = YES_ERROR;
				CLANG_WARN_EMPTY_BODY = YES;
				CLANG_WARN_ENUM_CONVERSION = YES;
				CLANG_WARN_INT_CONVERSION = YES;
				CLANG_WARN_OBJC_ROOT_CLASS = YES_ERROR;
				CLANG_WARN_UNREACHABLE_CODE = YES;
				CLANG_WARN__DUPLICATE_METHOD_MATCH = YES;
				"CODE_SIGN_IDENTITY[sdk=iphoneos*]" = "iPhone Developer";
				COPY_PHASE_STRIP = NO;
				ENABLE_STRICT_OBJC_MSGSEND = YES;
				GCC_C_LANGUAGE_STANDARD = gnu99;
				GCC_DYNAMIC_NO_PIC = NO;
				GCC_OPTIMIZATION_LEVEL = 0;
				GCC_PREPROCESSOR_DEFINITIONS = (
					"DEBUG=1",
					"$(inherited)",
				);
				GCC_SYMBOLS_PRIVATE_EXTERN = NO;
				GCC_WARN_64_TO_32_BIT_CONVERSION = YES;
				GCC_WARN_ABOUT_RETURN_TYPE = YES_ERROR;
				GCC_WARN_UNDECLARED_SELECTOR = YES;
				GCC_WARN_UNINITIALIZED_AUTOS = YES_AGGRESSIVE;
				GCC_WARN_UNUSED_FUNCTION = YES;
				GCC_WARN_UNUSED_VARIABLE = YES;
				IPHONEOS_DEPLOYMENT_TARGET = 7.0;
				MTL_ENABLE_DEBUG_INFO = YES;
				ONLY_ACTIVE_ARCH = YES;
				SDKROOT = iphoneos;
				TARGETED_DEVICE_FAMILY = "1,2";
			};
			name = Debug;
		};
		C6085A7F1ABBD9AD00C5F571 /* Release */ = {
			isa = XCBuildConfiguration;
			buildSettings = {
				ALWAYS_SEARCH_USER_PATHS = NO;
				CLANG_CXX_LANGUAGE_STANDARD = "gnu++0x";
				CLANG_CXX_LIBRARY = "libc++";
				CLANG_ENABLE_MODULES = YES;
				CLANG_ENABLE_OBJC_ARC = YES;
				CLANG_WARN_BOOL_CONVERSION = YES;
				CLANG_WARN_CONSTANT_CONVERSION = YES;
				CLANG_WARN_DIRECT_OBJC_ISA_USAGE = YES_ERROR;
				CLANG_WARN_EMPTY_BODY = YES;
				CLANG_WARN_ENUM_CONVERSION = YES;
				CLANG_WARN_INT_CONVERSION = YES;
				CLANG_WARN_OBJC_ROOT_CLASS = YES_ERROR;
				CLANG_WARN_UNREACHABLE_CODE = YES;
				CLANG_WARN__DUPLICATE_METHOD_MATCH = YES;
				"CODE_SIGN_IDENTITY[sdk=iphoneos*]" = "iPhone Developer";
				COPY_PHASE_STRIP = NO;
				ENABLE_NS_ASSERTIONS = NO;
				ENABLE_STRICT_OBJC_MSGSEND = YES;
				GCC_C_LANGUAGE_STANDARD = gnu99;
				GCC_WARN_64_TO_32_BIT_CONVERSION = YES;
				GCC_WARN_ABOUT_RETURN_TYPE = YES_ERROR;
				GCC_WARN_UNDECLARED_SELECTOR = YES;
				GCC_WARN_UNINITIALIZED_AUTOS = YES_AGGRESSIVE;
				GCC_WARN_UNUSED_FUNCTION = YES;
				GCC_WARN_UNUSED_VARIABLE = YES;
				IPHONEOS_DEPLOYMENT_TARGET = 7.0;
				MTL_ENABLE_DEBUG_INFO = NO;
				SDKROOT = iphoneos;
				TARGETED_DEVICE_FAMILY = "1,2";
				VALIDATE_PRODUCT = YES;
			};
			name = Release;
		};
		C6085A811ABBD9AD00C5F571 /* Debug */ = {
			isa = XCBuildConfiguration;
			buildSettings = {
				ASSETCATALOG_COMPILER_APPICON_NAME = AppIcon;
				INFOPLIST_FILE = UncaughtExceptionHandler/Info.plist;
				LD_RUNPATH_SEARCH_PATHS = "$(inherited) @executable_path/Frameworks";
				PRODUCT_NAME = "$(TARGET_NAME)";
			};
			name = Debug;
		};
		C6085A821ABBD9AD00C5F571 /* Release */ = {
			isa = XCBuildConfiguration;
			buildSettings = {
				ASSETCATALOG_COMPILER_APPICON_NAME = AppIcon;
				INFOPLIST_FILE = UncaughtExceptionHandler/Info.plist;
				LD_RUNPATH_SEARCH_PATHS = "$(inherited) @executable_path/Frameworks";
				PRODUCT_NAME = "$(TARGET_NAME)";
			};
			name = Release;
		};
		C6085A841ABBD9AD00C5F571 /* Debug */ = {
			isa = XCBuildConfiguration;
			buildSettings = {
				BUNDLE_LOADER = "$(TEST_HOST)";
				FRAMEWORK_SEARCH_PATHS = (
					"$(SDKROOT)/Developer/Library/Frameworks",
					"$(inherited)",
				);
				GCC_PREPROCESSOR_DEFINITIONS = (
					"DEBUG=1",
					"$(inherited)",
				);
				INFOPLIST_FILE = UncaughtExceptionHandlerTests/Info.plist;
				LD_RUNPATH_SEARCH_PATHS = "$(inherited) @executable_path/Frameworks @loader_path/Frameworks";
				PRODUCT_NAME = "$(TARGET_NAME)";
				TEST_HOST = "$(BUILT_PRODUCTS_DIR)/UncaughtExceptionHandler.app/UncaughtExceptionHandler";
			};
			name = Debug;
		};
		C6085A851ABBD9AD00C5F571 /* Release */ = {
			isa = XCBuildConfiguration;
			buildSettings = {
				BUNDLE_LOADER = "$(TEST_HOST)";
				FRAMEWORK_SEARCH_PATHS = (
					"$(SDKROOT)/Developer/Library/Frameworks",
					"$(inherited)",
				);
				INFOPLIST_FILE = UncaughtExceptionHandlerTests/Info.plist;
				LD_RUNPATH_SEARCH_PATHS = "$(inherited) @executable_path/Frameworks @loader_path/Frameworks";
				PRODUCT_NAME = "$(TARGET_NAME)";
				TEST_HOST = "$(BUILT_PRODUCTS_DIR)/UncaughtExceptionHandler.app/UncaughtExceptionHandler";
			};
			name = Release;
		};
/* End XCBuildConfiguration section */

/* Begin XCConfigurationList section */
		C6085A581ABBD9AD00C5F571 /* Build configuration list for PBXProject "UncaughtExceptionHandler" */ = {
			isa = XCConfigurationList;
			buildConfigurations = (
				C6085A7E1ABBD9AD00C5F571 /* Debug */,
				C6085A7F1ABBD9AD00C5F571 /* Release */,
			);
			defaultConfigurationIsVisible = 0;
			defaultConfigurationName = Release;
		};
		C6085A801ABBD9AD00C5F571 /* Build configuration list for PBXNativeTarget "UncaughtExceptionHandler" */ = {
			isa = XCConfigurationList;
			buildConfigurations = (
				C6085A811ABBD9AD00C5F571 /* Debug */,
				C6085A821ABBD9AD00C5F571 /* Release */,
			);
			defaultConfigurationIsVisible = 0;
			defaultConfigurationName = Release;
		};
		C6085A831ABBD9AD00C5F571 /* Build configuration list for PBXNativeTarget "UncaughtExceptionHandlerTests" */ = {
			isa = XCConfigurationList;
			buildConfigurations = (
				C6085A841ABBD9AD00C5F571 /* Debug */,
				C6085A851ABBD9AD00C5F571 /* Release */,
			);
			defaultConfigurationIsVisible = 0;
			defaultConfigurationName = Release;
		};
/* End XCConfigurationList section */
	};
	rootObject = C6085A551ABBD9AD00C5F571 /* Project object */;
}
